
Microsoft Visual Studio Solution File, Format Version 12.00
Project("{FAE04EC0-301F-11D3-BF4B-00C04F79EFBC}") = "excel-js-poc", "excel-js-poc\excel-js-poc.csproj", "{C2C62A60-8A9F-41AA-8C78-C1D17236D624}"
EndProject
Global
	GlobalSection(SolutionConfigurationPlatforms) = preSolution
		Debug|Any CPU = Debug|Any CPU
		Release|Any CPU = Release|Any CPU
	EndGlobalSection
	GlobalSection(ProjectConfigurationPlatforms) = postSolution
		{C2C62A60-8A9F-41AA-8C78-C1D17236D624}.Debug|Any CPU.ActiveCfg = Debug|Any CPU
		{C2C62A60-8A9F-41AA-8C78-C1D17236D624}.Debug|Any CPU.Build.0 = Debug|Any CPU
		{C2C62A60-8A9F-41AA-8C78-C1D17236D624}.Release|Any CPU.ActiveCfg = Release|Any CPU
		{C2C62A60-8A9F-41AA-8C78-C1D17236D624}.Release|Any CPU.Build.0 = Release|Any CPU
	EndGlobalSection
EndGlobal
